
Microsoft Visual Studio Solution File, Format Version 12.00
# Visual Studio 15
VisualStudioVersion = 15.0.26403.3
MinimumVisualStudioVersion = 10.0.40219.1
Project("{FAE04EC0-301F-11D3-BF4B-00C04F79EFBC}") = "Thesis.Repository.MSSQL", "Repository\Thesis.Repository.MSSQL.csproj", "{D6F7C46E-4415-4A7E-B49A-C5FF7B75C554}"
EndProject
Project("{FAE04EC0-301F-11D3-BF4B-00C04F79EFBC}") = "Thesis.Common", "Common\Thesis.Common.csproj", "{3B06ED1E-E0AA-4B72-BFCC-4A356D5C0F68}"
EndProject
Project("{FAE04EC0-301F-11D3-BF4B-00C04F79EFBC}") = "Thesis.ConsoleApp", "Application.Console\Thesis.ConsoleApp.csproj", "{15D7D52D-CDEC-4DA7-8BA3-C82ACF9D176D}"
EndProject
Project("{FAE04EC0-301F-11D3-BF4B-00C04F79EFBC}") = "Repository.MSSQL.Tests", "Repository.MSSQL.Tests\Repository.MSSQL.Tests.csproj", "{28EB37A1-6563-4159-BCD3-3EEB2F7A87F8}"
EndProject
Project("{FAE04EC0-301F-11D3-BF4B-00C04F79EFBC}") = "Thesis.Domain", "Domain\Thesis.Domain.csproj", "{33338734-71EF-4C86-8AD1-4E339D52E694}"
EndProject
Project("{FAE04EC0-301F-11D3-BF4B-00C04F79EFBC}") = "Thesis.Algorithms", "Graph.Algorithms\Thesis.Algorithms.csproj", "{8D518857-8DB3-4778-9C2B-7A9714B7CBF5}"
EndProject
Project("{2150E333-8FDC-42A3-9474-1A3956D46DE8}") = "Tests", "Tests", "{77C2067F-93A3-40DA-B279-D3A529C45BF0}"
EndProject
Project("{FAE04EC0-301F-11D3-BF4B-00C04F79EFBC}") = "GraphAlgorithms.Tests", "GraphAlgorithms.Tests\GraphAlgorithms.Tests.csproj", "{CF6C3EE9-2617-439D-84AC-7E396A446D4A}"
EndProject
Project("{FAE04EC0-301F-11D3-BF4B-00C04F79EFBC}") = "Thesis.Web", "Thesis.Web\Thesis.Web.csproj", "{FD9C1985-048A-47CE-822A-2DF91FD23A09}"
EndProject
Project("{FAE04EC0-301F-11D3-BF4B-00C04F79EFBC}") = "Thesis.Services", "Thesis.Services\Thesis.Services.csproj", "{E5BFEE61-6CAC-4FA1-8B29-48DE48CD3240}"
EndProject
Project("{2150E333-8FDC-42A3-9474-1A3956D46DE8}") = "Applications", "Applications", "{D047F806-D6E7-48CA-8D9F-4E5A9FAFFA9D}"
EndProject
Project("{FAE04EC0-301F-11D3-BF4B-00C04F79EFBC}") = "Thesis.Services.Tests", "Thesis.Services.Tests\Thesis.Services.Tests.csproj", "{B370FADF-3941-4C31-B775-FA4F2A5E9CC4}"
EndProject
Global
	GlobalSection(SolutionConfigurationPlatforms) = preSolution
		Debug|Any CPU = Debug|Any CPU
		Release|Any CPU = Release|Any CPU
	EndGlobalSection
	GlobalSection(ProjectConfigurationPlatforms) = postSolution
		{D6F7C46E-4415-4A7E-B49A-C5FF7B75C554}.Debug|Any CPU.ActiveCfg = Debug|Any CPU
		{D6F7C46E-4415-4A7E-B49A-C5FF7B75C554}.Debug|Any CPU.Build.0 = Debug|Any CPU
		{D6F7C46E-4415-4A7E-B49A-C5FF7B75C554}.Release|Any CPU.ActiveCfg = Release|Any CPU
		{D6F7C46E-4415-4A7E-B49A-C5FF7B75C554}.Release|Any CPU.Build.0 = Release|Any CPU
		{3B06ED1E-E0AA-4B72-BFCC-4A356D5C0F68}.Debug|Any CPU.ActiveCfg = Debug|Any CPU
		{3B06ED1E-E0AA-4B72-BFCC-4A356D5C0F68}.Debug|Any CPU.Build.0 = Debug|Any CPU
		{3B06ED1E-E0AA-4B72-BFCC-4A356D5C0F68}.Release|Any CPU.ActiveCfg = Release|Any CPU
		{3B06ED1E-E0AA-4B72-BFCC-4A356D5C0F68}.Release|Any CPU.Build.0 = Release|Any CPU
		{15D7D52D-CDEC-4DA7-8BA3-C82ACF9D176D}.Debug|Any CPU.ActiveCfg = Debug|Any CPU
		{15D7D52D-CDEC-4DA7-8BA3-C82ACF9D176D}.Debug|Any CPU.Build.0 = Debug|Any CPU
		{15D7D52D-CDEC-4DA7-8BA3-C82ACF9D176D}.Release|Any CPU.ActiveCfg = Release|Any CPU
		{15D7D52D-CDEC-4DA7-8BA3-C82ACF9D176D}.Release|Any CPU.Build.0 = Release|Any CPU
		{28EB37A1-6563-4159-BCD3-3EEB2F7A87F8}.Debug|Any CPU.ActiveCfg = Debug|Any CPU
		{28EB37A1-6563-4159-BCD3-3EEB2F7A87F8}.Debug|Any CPU.Build.0 = Debug|Any CPU
		{28EB37A1-6563-4159-BCD3-3EEB2F7A87F8}.Release|Any CPU.ActiveCfg = Release|Any CPU
		{28EB37A1-6563-4159-BCD3-3EEB2F7A87F8}.Release|Any CPU.Build.0 = Release|Any CPU
		{33338734-71EF-4C86-8AD1-4E339D52E694}.Debug|Any CPU.ActiveCfg = Debug|Any CPU
		{33338734-71EF-4C86-8AD1-4E339D52E694}.Debug|Any CPU.Build.0 = Debug|Any CPU
		{33338734-71EF-4C86-8AD1-4E339D52E694}.Release|Any CPU.ActiveCfg = Release|Any CPU
		{33338734-71EF-4C86-8AD1-4E339D52E694}.Release|Any CPU.Build.0 = Release|Any CPU
		{8D518857-8DB3-4778-9C2B-7A9714B7CBF5}.Debug|Any CPU.ActiveCfg = Debug|Any CPU
		{8D518857-8DB3-4778-9C2B-7A9714B7CBF5}.Debug|Any CPU.Build.0 = Debug|Any CPU
		{8D518857-8DB3-4778-9C2B-7A9714B7CBF5}.Release|Any CPU.ActiveCfg = Release|Any CPU
		{8D518857-8DB3-4778-9C2B-7A9714B7CBF5}.Release|Any CPU.Build.0 = Release|Any CPU
		{CF6C3EE9-2617-439D-84AC-7E396A446D4A}.Debug|Any CPU.ActiveCfg = Debug|Any CPU
		{CF6C3EE9-2617-439D-84AC-7E396A446D4A}.Debug|Any CPU.Build.0 = Debug|Any CPU
		{CF6C3EE9-2617-439D-84AC-7E396A446D4A}.Release|Any CPU.ActiveCfg = Release|Any CPU
		{CF6C3EE9-2617-439D-84AC-7E396A446D4A}.Release|Any CPU.Build.0 = Release|Any CPU
		{FD9C1985-048A-47CE-822A-2DF91FD23A09}.Debug|Any CPU.ActiveCfg = Debug|Any CPU
		{FD9C1985-048A-47CE-822A-2DF91FD23A09}.Debug|Any CPU.Build.0 = Debug|Any CPU
		{FD9C1985-048A-47CE-822A-2DF91FD23A09}.Release|Any CPU.ActiveCfg = Release|Any CPU
		{FD9C1985-048A-47CE-822A-2DF91FD23A09}.Release|Any CPU.Build.0 = Release|Any CPU
		{E5BFEE61-6CAC-4FA1-8B29-48DE48CD3240}.Debug|Any CPU.ActiveCfg = Debug|Any CPU
		{E5BFEE61-6CAC-4FA1-8B29-48DE48CD3240}.Debug|Any CPU.Build.0 = Debug|Any CPU
		{E5BFEE61-6CAC-4FA1-8B29-48DE48CD3240}.Release|Any CPU.ActiveCfg = Release|Any CPU
		{E5BFEE61-6CAC-4FA1-8B29-48DE48CD3240}.Release|Any CPU.Build.0 = Release|Any CPU
		{B370FADF-3941-4C31-B775-FA4F2A5E9CC4}.Debug|Any CPU.ActiveCfg = Debug|Any CPU
		{B370FADF-3941-4C31-B775-FA4F2A5E9CC4}.Debug|Any CPU.Build.0 = Debug|Any CPU
		{B370FADF-3941-4C31-B775-FA4F2A5E9CC4}.Release|Any CPU.ActiveCfg = Release|Any CPU
		{B370FADF-3941-4C31-B775-FA4F2A5E9CC4}.Release|Any CPU.Build.0 = Release|Any CPU
	EndGlobalSection
	GlobalSection(SolutionProperties) = preSolution
		HideSolutionNode = FALSE
	EndGlobalSection
	GlobalSection(NestedProjects) = preSolution
		{15D7D52D-CDEC-4DA7-8BA3-C82ACF9D176D} = {D047F806-D6E7-48CA-8D9F-4E5A9FAFFA9D}
		{28EB37A1-6563-4159-BCD3-3EEB2F7A87F8} = {77C2067F-93A3-40DA-B279-D3A529C45BF0}
		{CF6C3EE9-2617-439D-84AC-7E396A446D4A} = {77C2067F-93A3-40DA-B279-D3A529C45BF0}
		{FD9C1985-048A-47CE-822A-2DF91FD23A09} = {D047F806-D6E7-48CA-8D9F-4E5A9FAFFA9D}
		{B370FADF-3941-4C31-B775-FA4F2A5E9CC4} = {77C2067F-93A3-40DA-B279-D3A529C45BF0}
	EndGlobalSection
EndGlobal
